
Microsoft Visual Studio Solution File, Format Version 12.00
# Visual Studio Version 17
VisualStudioVersion = 17.14.36518.9 d17.14
MinimumVisualStudioVersion = 10.0.40219.1
Project("{FAE04EC0-301F-11D3-BF4B-00C04F79EFBC}") = "s3jherreraclase", "s3jherreraclase.csproj", "{8C704BE4-2854-4E13-91AC-95A7CF11D3C7}"
EndProject
Global
	GlobalSection(SolutionConfigurationPlatforms) = preSolution
		Debug|Any CPU = Debug|Any CPU
		Release|Any CPU = Release|Any CPU
	EndGlobalSection
	GlobalSection(ProjectConfigurationPlatforms) = postSolution
		{8C704BE4-2854-4E13-91AC-95A7CF11D3C7}.Debug|Any CPU.ActiveCfg = Debug|Any CPU
		{8C704BE4-2854-4E13-91AC-95A7CF11D3C7}.Debug|Any CPU.Build.0 = Debug|Any CPU
		{8C704BE4-2854-4E13-91AC-95A7CF11D3C7}.Release|Any CPU.ActiveCfg = Release|Any CPU
		{8C704BE4-2854-4E13-91AC-95A7CF11D3C7}.Release|Any CPU.Build.0 = Release|Any CPU
	EndGlobalSection
	GlobalSection(SolutionProperties) = preSolution
		HideSolutionNode = FALSE
	EndGlobalSection
	GlobalSection(ExtensibilityGlobals) = postSolution
		SolutionGuid = {E7D00B20-9FF4-466F-BE06-D84BAD44DAF1}
	EndGlobalSection
EndGlobal
